{
  "name": "caractere",
  "version": "1.0.0",
  "lockfileVersion": 3,
  "requires": true,
  "packages": {
    "": {
      "name": "caractere",
      "version": "1.0.0",
      "license": "ISC",
      "dependencies": {
        "harfbuzzjs": "^0.4.13"
      }
    },
    "node_modules/harfbuzzjs": {
      "version": "0.4.13",
      "resolved": "https://registry.npmjs.org/harfbuzzjs/-/harfbuzzjs-0.4.13.tgz",
      "integrity": "sha512-EC0q1K9Axs2IhgzDcTlYSv0m/Xo3VU36BQXtRoUS/4eMpy0rsMHePHwIjHKdhaouVO5O03sfUOwHP6ZzZ3HwFA==",
      "license": "MIT"
    }
  }
}
